
Microsoft Visual Studio Solution File, Format Version 9.00
# Visual Studio 2005
Project("{8BC9CEB8-8B4A-11D0-8D11-00A0C91BC942}") = "core", "core.vcproj", "{B24666F4-D4C8-4933-9682-AFB2854FD524}"
EndProject
Project("{8BC9CEB8-8B4A-11D0-8D11-00A0C91BC942}") = "empty", "empty.vcproj", "{19784AB3-9C9D-408B-AB7F-616696C40EE1}"
	ProjectSection(ProjectDependencies) = postProject
		{B24666F4-D4C8-4933-9682-AFB2854FD524} = {B24666F4-D4C8-4933-9682-AFB2854FD524}
	EndProjectSection
EndProject
Project("{8BC9CEB8-8B4A-11D0-8D11-00A0C91BC942}") = "empty_test", "empty_test.vcproj", "{48FC8CFE-F4F2-4DC5-95FD-6ED0E0716A1E}"
	ProjectSection(ProjectDependencies) = postProject
		{19784AB3-9C9D-408B-AB7F-616696C40EE1} = {19784AB3-9C9D-408B-AB7F-616696C40EE1}
		{B24666F4-D4C8-4933-9682-AFB2854FD524} = {B24666F4-D4C8-4933-9682-AFB2854FD524}
	EndProjectSection
EndProject
Project("{8BC9CEB8-8B4A-11D0-8D11-00A0C91BC942}") = "sqlite3", "sqlite3.vcproj", "{526D7767-D06C-4A92-BEB9-0E85C0D29CD7}"
	ProjectSection(ProjectDependencies) = postProject
		{B24666F4-D4C8-4933-9682-AFB2854FD524} = {B24666F4-D4C8-4933-9682-AFB2854FD524}
	EndProjectSection
EndProject
Project("{8BC9CEB8-8B4A-11D0-8D11-00A0C91BC942}") = "firebird", "firebird.vcproj", "{86238CE4-74E8-4208-81DD-DB73072F3709}"
	ProjectSection(ProjectDependencies) = postProject
		{B24666F4-D4C8-4933-9682-AFB2854FD524} = {B24666F4-D4C8-4933-9682-AFB2854FD524}
	EndProjectSection
EndProject
Project("{8BC9CEB8-8B4A-11D0-8D11-00A0C91BC942}") = "firebird_test", "firebird_test.vcproj", "{321E7654-3CE9-4825-A8B2-3CE5DB74A592}"
	ProjectSection(ProjectDependencies) = postProject
		{86238CE4-74E8-4208-81DD-DB73072F3709} = {86238CE4-74E8-4208-81DD-DB73072F3709}
		{B24666F4-D4C8-4933-9682-AFB2854FD524} = {B24666F4-D4C8-4933-9682-AFB2854FD524}
	EndProjectSection
EndProject
Project("{8BC9CEB8-8B4A-11D0-8D11-00A0C91BC942}") = "oracle", "oracle.vcproj", "{EF105D9F-B5ED-4D13-A76F-DCBAEE18B677}"
	ProjectSection(ProjectDependencies) = postProject
		{B24666F4-D4C8-4933-9682-AFB2854FD524} = {B24666F4-D4C8-4933-9682-AFB2854FD524}
	EndProjectSection
EndProject
Project("{8BC9CEB8-8B4A-11D0-8D11-00A0C91BC942}") = "oracle_test", "oracle_test.vcproj", "{9D9C69BC-6567-468E-BA46-8F32B012A8C5}"
	ProjectSection(ProjectDependencies) = postProject
		{EF105D9F-B5ED-4D13-A76F-DCBAEE18B677} = {EF105D9F-B5ED-4D13-A76F-DCBAEE18B677}
		{B24666F4-D4C8-4933-9682-AFB2854FD524} = {B24666F4-D4C8-4933-9682-AFB2854FD524}
	EndProjectSection
EndProject
Project("{8BC9CEB8-8B4A-11D0-8D11-00A0C91BC942}") = "postgresql", "postgresql.vcproj", "{AF085FC8-9CC9-4983-A188-4C5D81350001}"
	ProjectSection(ProjectDependencies) = postProject
		{B24666F4-D4C8-4933-9682-AFB2854FD524} = {B24666F4-D4C8-4933-9682-AFB2854FD524}
	EndProjectSection
EndProject
Project("{8BC9CEB8-8B4A-11D0-8D11-00A0C91BC942}") = "postgresql_test", "postgresql_test.vcproj", "{A9E3C6EB-EF12-4FF8-8BC5-0E7B7863ADAD}"
	ProjectSection(ProjectDependencies) = postProject
		{AF085FC8-9CC9-4983-A188-4C5D81350001} = {AF085FC8-9CC9-4983-A188-4C5D81350001}
		{B24666F4-D4C8-4933-9682-AFB2854FD524} = {B24666F4-D4C8-4933-9682-AFB2854FD524}
	EndProjectSection
EndProject
Project("{8BC9CEB8-8B4A-11D0-8D11-00A0C91BC942}") = "odbc", "odbc.vcproj", "{5892A0A1-D3D2-4AC6-9523-33CC2C977D34}"
	ProjectSection(ProjectDependencies) = postProject
		{B24666F4-D4C8-4933-9682-AFB2854FD524} = {B24666F4-D4C8-4933-9682-AFB2854FD524}
	EndProjectSection
EndProject
Project("{8BC9CEB8-8B4A-11D0-8D11-00A0C91BC942}") = "odbc_test_mysql", "odbc_test_mysql.vcproj", "{E1A27D76-EF51-4DF9-A023-720BF315295A}"
	ProjectSection(ProjectDependencies) = postProject
		{5892A0A1-D3D2-4AC6-9523-33CC2C977D34} = {5892A0A1-D3D2-4AC6-9523-33CC2C977D34}
		{B24666F4-D4C8-4933-9682-AFB2854FD524} = {B24666F4-D4C8-4933-9682-AFB2854FD524}
	EndProjectSection
EndProject
Project("{8BC9CEB8-8B4A-11D0-8D11-00A0C91BC942}") = "odbc_test_mssql", "odbc_test_mssql.vcproj", "{747B7B6D-1819-4800-94B7-7152655CDF16}"
	ProjectSection(ProjectDependencies) = postProject
		{5892A0A1-D3D2-4AC6-9523-33CC2C977D34} = {5892A0A1-D3D2-4AC6-9523-33CC2C977D34}
		{B24666F4-D4C8-4933-9682-AFB2854FD524} = {B24666F4-D4C8-4933-9682-AFB2854FD524}
	EndProjectSection
EndProject
Project("{8BC9CEB8-8B4A-11D0-8D11-00A0C91BC942}") = "odbc_test_access", "odbc_test_access.vcproj", "{2F3C7FC2-67D5-49BF-964D-94A482B01EDF}"
	ProjectSection(ProjectDependencies) = postProject
		{5892A0A1-D3D2-4AC6-9523-33CC2C977D34} = {5892A0A1-D3D2-4AC6-9523-33CC2C977D34}
		{B24666F4-D4C8-4933-9682-AFB2854FD524} = {B24666F4-D4C8-4933-9682-AFB2854FD524}
	EndProjectSection
EndProject
Project("{8BC9CEB8-8B4A-11D0-8D11-00A0C91BC942}") = "odbc_test_postgresql", "odbc_test_postgresql.vcproj", "{42CC62C4-5336-4796-99ED-E138ACD72ADF}"
	ProjectSection(ProjectDependencies) = postProject
		{5892A0A1-D3D2-4AC6-9523-33CC2C977D34} = {5892A0A1-D3D2-4AC6-9523-33CC2C977D34}
		{B24666F4-D4C8-4933-9682-AFB2854FD524} = {B24666F4-D4C8-4933-9682-AFB2854FD524}
	EndProjectSection
EndProject
Project("{8BC9CEB8-8B4A-11D0-8D11-00A0C91BC942}") = "sqlite3_test", "sqlite3_test.vcproj", "{D1FD4128-4C26-43A3-8EAC-0B6517FC88A9}"
	ProjectSection(ProjectDependencies) = postProject
		{526D7767-D06C-4A92-BEB9-0E85C0D29CD7} = {526D7767-D06C-4A92-BEB9-0E85C0D29CD7}
		{B24666F4-D4C8-4933-9682-AFB2854FD524} = {B24666F4-D4C8-4933-9682-AFB2854FD524}
	EndProjectSection
EndProject
Project("{2150E333-8FDC-42A3-9474-1A3956D46DE8}") = "Solution Items", "Solution Items", "{4C5CC316-8071-41B1-A159-BA98B18AF7EC}"
	ProjectSection(SolutionItems) = preProject
		maketest.mak = maketest.mak
		..\README.txt = ..\README.txt
	EndProjectSection
EndProject
Global
	GlobalSection(SolutionConfigurationPlatforms) = preSolution
		Debug|Win32 = Debug|Win32
		Release|Win32 = Release|Win32
	EndGlobalSection
	GlobalSection(ProjectConfigurationPlatforms) = postSolution
		{B24666F4-D4C8-4933-9682-AFB2854FD524}.Debug|Win32.ActiveCfg = Debug|Win32
		{B24666F4-D4C8-4933-9682-AFB2854FD524}.Debug|Win32.Build.0 = Debug|Win32
		{B24666F4-D4C8-4933-9682-AFB2854FD524}.Release|Win32.ActiveCfg = Release|Win32
		{B24666F4-D4C8-4933-9682-AFB2854FD524}.Release|Win32.Build.0 = Release|Win32
		{19784AB3-9C9D-408B-AB7F-616696C40EE1}.Debug|Win32.ActiveCfg = Debug|Win32
		{19784AB3-9C9D-408B-AB7F-616696C40EE1}.Debug|Win32.Build.0 = Debug|Win32
		{19784AB3-9C9D-408B-AB7F-616696C40EE1}.Release|Win32.ActiveCfg = Release|Win32
		{19784AB3-9C9D-408B-AB7F-616696C40EE1}.Release|Win32.Build.0 = Release|Win32
		{48FC8CFE-F4F2-4DC5-95FD-6ED0E0716A1E}.Debug|Win32.ActiveCfg = Debug|Win32
		{48FC8CFE-F4F2-4DC5-95FD-6ED0E0716A1E}.Debug|Win32.Build.0 = Debug|Win32
		{48FC8CFE-F4F2-4DC5-95FD-6ED0E0716A1E}.Release|Win32.ActiveCfg = Release|Win32
		{48FC8CFE-F4F2-4DC5-95FD-6ED0E0716A1E}.Release|Win32.Build.0 = Release|Win32
		{526D7767-D06C-4A92-BEB9-0E85C0D29CD7}.Debug|Win32.ActiveCfg = Debug|Win32
		{526D7767-D06C-4A92-BEB9-0E85C0D29CD7}.Debug|Win32.Build.0 = Debug|Win32
		{526D7767-D06C-4A92-BEB9-0E85C0D29CD7}.Release|Win32.ActiveCfg = Release|Win32
		{526D7767-D06C-4A92-BEB9-0E85C0D29CD7}.Release|Win32.Build.0 = Release|Win32
		{86238CE4-74E8-4208-81DD-DB73072F3709}.Debug|Win32.ActiveCfg = Debug|Win32
		{86238CE4-74E8-4208-81DD-DB73072F3709}.Debug|Win32.Build.0 = Debug|Win32
		{86238CE4-74E8-4208-81DD-DB73072F3709}.Release|Win32.ActiveCfg = Release|Win32
		{86238CE4-74E8-4208-81DD-DB73072F3709}.Release|Win32.Build.0 = Release|Win32
		{321E7654-3CE9-4825-A8B2-3CE5DB74A592}.Debug|Win32.ActiveCfg = Debug|Win32
		{321E7654-3CE9-4825-A8B2-3CE5DB74A592}.Debug|Win32.Build.0 = Debug|Win32
		{321E7654-3CE9-4825-A8B2-3CE5DB74A592}.Release|Win32.ActiveCfg = Release|Win32
		{321E7654-3CE9-4825-A8B2-3CE5DB74A592}.Release|Win32.Build.0 = Release|Win32
		{EF105D9F-B5ED-4D13-A76F-DCBAEE18B677}.Debug|Win32.ActiveCfg = Debug|Win32
		{EF105D9F-B5ED-4D13-A76F-DCBAEE18B677}.Debug|Win32.Build.0 = Debug|Win32
		{EF105D9F-B5ED-4D13-A76F-DCBAEE18B677}.Release|Win32.ActiveCfg = Release|Win32
		{EF105D9F-B5ED-4D13-A76F-DCBAEE18B677}.Release|Win32.Build.0 = Release|Win32
		{9D9C69BC-6567-468E-BA46-8F32B012A8C5}.Debug|Win32.ActiveCfg = Debug|Win32
		{9D9C69BC-6567-468E-BA46-8F32B012A8C5}.Debug|Win32.Build.0 = Debug|Win32
		{9D9C69BC-6567-468E-BA46-8F32B012A8C5}.Release|Win32.ActiveCfg = Release|Win32
		{9D9C69BC-6567-468E-BA46-8F32B012A8C5}.Release|Win32.Build.0 = Release|Win32
		{AF085FC8-9CC9-4983-A188-4C5D81350001}.Debug|Win32.ActiveCfg = Debug|Win32
		{AF085FC8-9CC9-4983-A188-4C5D81350001}.Debug|Win32.Build.0 = Debug|Win32
		{AF085FC8-9CC9-4983-A188-4C5D81350001}.Release|Win32.ActiveCfg = Release|Win32
		{AF085FC8-9CC9-4983-A188-4C5D81350001}.Release|Win32.Build.0 = Release|Win32
		{A9E3C6EB-EF12-4FF8-8BC5-0E7B7863ADAD}.Debug|Win32.ActiveCfg = Debug|Win32
		{A9E3C6EB-EF12-4FF8-8BC5-0E7B7863ADAD}.Debug|Win32.Build.0 = Debug|Win32
		{A9E3C6EB-EF12-4FF8-8BC5-0E7B7863ADAD}.Release|Win32.ActiveCfg = Release|Win32
		{A9E3C6EB-EF12-4FF8-8BC5-0E7B7863ADAD}.Release|Win32.Build.0 = Release|Win32
		{5892A0A1-D3D2-4AC6-9523-33CC2C977D34}.Debug|Win32.ActiveCfg = Debug|Win32
		{5892A0A1-D3D2-4AC6-9523-33CC2C977D34}.Debug|Win32.Build.0 = Debug|Win32
		{5892A0A1-D3D2-4AC6-9523-33CC2C977D34}.Release|Win32.ActiveCfg = Release|Win32
		{5892A0A1-D3D2-4AC6-9523-33CC2C977D34}.Release|Win32.Build.0 = Release|Win32
		{E1A27D76-EF51-4DF9-A023-720BF315295A}.Debug|Win32.ActiveCfg = Debug|Win32
		{E1A27D76-EF51-4DF9-A023-720BF315295A}.Debug|Win32.Build.0 = Debug|Win32
		{E1A27D76-EF51-4DF9-A023-720BF315295A}.Release|Win32.ActiveCfg = Release|Win32
		{E1A27D76-EF51-4DF9-A023-720BF315295A}.Release|Win32.Build.0 = Release|Win32
		{747B7B6D-1819-4800-94B7-7152655CDF16}.Debug|Win32.ActiveCfg = Debug|Win32
		{747B7B6D-1819-4800-94B7-7152655CDF16}.Debug|Win32.Build.0 = Debug|Win32
		{747B7B6D-1819-4800-94B7-7152655CDF16}.Release|Win32.ActiveCfg = Release|Win32
		{747B7B6D-1819-4800-94B7-7152655CDF16}.Release|Win32.Build.0 = Release|Win32
		{2F3C7FC2-67D5-49BF-964D-94A482B01EDF}.Debug|Win32.ActiveCfg = Debug|Win32
		{2F3C7FC2-67D5-49BF-964D-94A482B01EDF}.Debug|Win32.Build.0 = Debug|Win32
		{2F3C7FC2-67D5-49BF-964D-94A482B01EDF}.Release|Win32.ActiveCfg = Release|Win32
		{2F3C7FC2-67D5-49BF-964D-94A482B01EDF}.Release|Win32.Build.0 = Release|Win32
		{42CC62C4-5336-4796-99ED-E138ACD72ADF}.Debug|Win32.ActiveCfg = Debug|Win32
		{42CC62C4-5336-4796-99ED-E138ACD72ADF}.Debug|Win32.Build.0 = Debug|Win32
		{42CC62C4-5336-4796-99ED-E138ACD72ADF}.Release|Win32.ActiveCfg = Release|Win32
		{42CC62C4-5336-4796-99ED-E138ACD72ADF}.Release|Win32.Build.0 = Release|Win32
		{D1FD4128-4C26-43A3-8EAC-0B6517FC88A9}.Debug|Win32.ActiveCfg = Debug|Win32
		{D1FD4128-4C26-43A3-8EAC-0B6517FC88A9}.Debug|Win32.Build.0 = Debug|Win32
		{D1FD4128-4C26-43A3-8EAC-0B6517FC88A9}.Release|Win32.ActiveCfg = Release|Win32
		{D1FD4128-4C26-43A3-8EAC-0B6517FC88A9}.Release|Win32.Build.0 = Release|Win32
	EndGlobalSection
	GlobalSection(SolutionProperties) = preSolution
		HideSolutionNode = FALSE
	EndGlobalSection
EndGlobal
